
Microsoft Visual Studio Solution File, Format Version 12.00
# Visual Studio Version 16
VisualStudioVersion = 16.0.30002.166
MinimumVisualStudioVersion = 10.0.40219.1
Project("{FAE04EC0-301F-11D3-BF4B-00C04F79EFBC}") = "JDsSpeakerDesigner", "JDsSpeakerDesigner\JDsSpeakerDesigner.csproj", "{A725EA43-0C33-402C-AD2F-023ACD4E9956}"
EndProject
Global
	GlobalSection(SolutionConfigurationPlatforms) = preSolution
		Debug|Any CPU = Debug|Any CPU
		Release|Any CPU = Release|Any CPU
	EndGlobalSection
	GlobalSection(ProjectConfigurationPlatforms) = postSolution
		{A725EA43-0C33-402C-AD2F-023ACD4E9956}.Debug|Any CPU.ActiveCfg = Debug|Any CPU
		{A725EA43-0C33-402C-AD2F-023ACD4E9956}.Debug|Any CPU.Build.0 = Debug|Any CPU
		{A725EA43-0C33-402C-AD2F-023ACD4E9956}.Release|Any CPU.ActiveCfg = Release|Any CPU
		{A725EA43-0C33-402C-AD2F-023ACD4E9956}.Release|Any CPU.Build.0 = Release|Any CPU
	EndGlobalSection
	GlobalSection(SolutionProperties) = preSolution
		HideSolutionNode = FALSE
	EndGlobalSection
	GlobalSection(ExtensibilityGlobals) = postSolution
		SolutionGuid = {DED5211E-AC6B-4E6D-AD35-3997F7C7C799}
	EndGlobalSection
EndGlobal
